// !$*UTF8*$!
{
	archiveVersion = 1;
	classes = {
	};
	objectVersion = 56;
	objects = {

/* Begin PBXBuildFile section */
		6F4FB8C52BAACF21007F8868 /* TaskTwoThreeViewController.swift in Sources */ = {isa = PBXBuildFile; fileRef = 6F4FB8BF2BAACF21007F8868 /* TaskTwoThreeViewController.swift */; };
		6F4FB8C62BAACF21007F8868 /* TaskTwoFourViewController.swift in Sources */ = {isa = PBXBuildFile; fileRef = 6F4FB8C02BAACF21007F8868 /* TaskTwoFourViewController.swift */; };
		6F4FB8C72BAACF21007F8868 /* TaskTwoOneViewController.swift in Sources */ = {isa = PBXBuildFile; fileRef = 6F4FB8C12BAACF21007F8868 /* TaskTwoOneViewController.swift */; };
		6F4FB8C82BAACF21007F8868 /* TaskTwoTwoViewController.swift in Sources */ = {isa = PBXBuildFile; fileRef = 6F4FB8C22BAACF21007F8868 /* TaskTwoTwoViewController.swift */; };
		6F4FB8C92BAACF21007F8868 /* TaskTwoSixViewController.swift in Sources */ = {isa = PBXBuildFile; fileRef = 6F4FB8C32BAACF21007F8868 /* TaskTwoSixViewController.swift */; };
		6F4FB8CA2BAACF21007F8868 /* TaskTwoFiveViewController.swift in Sources */ = {isa = PBXBuildFile; fileRef = 6F4FB8C42BAACF21007F8868 /* TaskTwoFiveViewController.swift */; };
		6F4FB8CC2BAC0930007F8868 /* TaskThreeOneViewController.swift in Sources */ = {isa = PBXBuildFile; fileRef = 6F4FB8CB2BAC0930007F8868 /* TaskThreeOneViewController.swift */; };
		6FC512C22BA8802400F82319 /* AppDelegate.swift in Sources */ = {isa = PBXBuildFile; fileRef = 6FC512C12BA8802400F82319 /* AppDelegate.swift */; };
		6FC512C42BA8802400F82319 /* SceneDelegate.swift in Sources */ = {isa = PBXBuildFile; fileRef = 6FC512C32BA8802400F82319 /* SceneDelegate.swift */; };
		6FC512C62BA8802400F82319 /* ViewController.swift in Sources */ = {isa = PBXBuildFile; fileRef = 6FC512C52BA8802400F82319 /* ViewController.swift */; };
		6FC512C92BA8802400F82319 /* Base in Resources */ = {isa = PBXBuildFile; fileRef = 6FC512C82BA8802400F82319 /* Base */; };
		6FC512CC2BA8802400F82319 /* multithreading.xcdatamodeld in Sources */ = {isa = PBXBuildFile; fileRef = 6FC512CA2BA8802400F82319 /* multithreading.xcdatamodeld */; };
		6FC512CE2BA8802600F82319 /* Assets.xcassets in Resources */ = {isa = PBXBuildFile; fileRef = 6FC512CD2BA8802600F82319 /* Assets.xcassets */; };
		6FC512D12BA8802600F82319 /* Base in Resources */ = {isa = PBXBuildFile; fileRef = 6FC512D02BA8802600F82319 /* Base */; };
/* End PBXBuildFile section */

/* Begin PBXFileReference section */
		6F4FB8BF2BAACF21007F8868 /* TaskTwoThreeViewController.swift */ = {isa = PBXFileReference; fileEncoding = 4; lastKnownFileType = sourcecode.swift; path = TaskTwoThreeViewController.swift; sourceTree = "<group>"; };
		6F4FB8C02BAACF21007F8868 /* TaskTwoFourViewController.swift */ = {isa = PBXFileReference; fileEncoding = 4; lastKnownFileType = sourcecode.swift; path = TaskTwoFourViewController.swift; sourceTree = "<group>"; };
		6F4FB8C12BAACF21007F8868 /* TaskTwoOneViewController.swift */ = {isa = PBXFileReference; fileEncoding = 4; lastKnownFileType = sourcecode.swift; path = TaskTwoOneViewController.swift; sourceTree = "<group>"; };
		6F4FB8C22BAACF21007F8868 /* TaskTwoTwoViewController.swift */ = {isa = PBXFileReference; fileEncoding = 4; lastKnownFileType = sourcecode.swift; path = TaskTwoTwoViewController.swift; sourceTree = "<group>"; };
		6F4FB8C32BAACF21007F8868 /* TaskTwoSixViewController.swift */ = {isa = PBXFileReference; fileEncoding = 4; lastKnownFileType = sourcecode.swift; path = TaskTwoSixViewController.swift; sourceTree = "<group>"; };
		6F4FB8C42BAACF21007F8868 /* TaskTwoFiveViewController.swift */ = {isa = PBXFileReference; fileEncoding = 4; lastKnownFileType = sourcecode.swift; path = TaskTwoFiveViewController.swift; sourceTree = "<group>"; };
		6F4FB8CB2BAC0930007F8868 /* TaskThreeOneViewController.swift */ = {isa = PBXFileReference; lastKnownFileType = sourcecode.swift; path = TaskThreeOneViewController.swift; sourceTree = "<group>"; };
		6FC512BE2BA8802400F82319 /* multithreading.app */ = {isa = PBXFileReference; explicitFileType = wrapper.application; includeInIndex = 0; path = multithreading.app; sourceTree = BUILT_PRODUCTS_DIR; };
		6FC512C12BA8802400F82319 /* AppDelegate.swift */ = {isa = PBXFileReference; lastKnownFileType = sourcecode.swift; path = AppDelegate.swift; sourceTree = "<group>"; };
		6FC512C32BA8802400F82319 /* SceneDelegate.swift */ = {isa = PBXFileReference; lastKnownFileType = sourcecode.swift; path = SceneDelegate.swift; sourceTree = "<group>"; };
		6FC512C52BA8802400F82319 /* ViewController.swift */ = {isa = PBXFileReference; lastKnownFileType = sourcecode.swift; path = ViewController.swift; sourceTree = "<group>"; };
		6FC512C82BA8802400F82319 /* Base */ = {isa = PBXFileReference; lastKnownFileType = file.storyboard; name = Base; path = Base.lproj/Main.storyboard; sourceTree = "<group>"; };
		6FC512CB2BA8802400F82319 /* multithreading.xcdatamodel */ = {isa = PBXFileReference; lastKnownFileType = wrapper.xcdatamodel; path = multithreading.xcdatamodel; sourceTree = "<group>"; };
		6FC512CD2BA8802600F82319 /* Assets.xcassets */ = {isa = PBXFileReference; lastKnownFileType = folder.assetcatalog; path = Assets.xcassets; sourceTree = "<group>"; };
		6FC512D02BA8802600F82319 /* Base */ = {isa = PBXFileReference; lastKnownFileType = file.storyboard; name = Base; path = Base.lproj/LaunchScreen.storyboard; sourceTree = "<group>"; };
		6FC512D22BA8802600F82319 /* Info.plist */ = {isa = PBXFileReference; lastKnownFileType = text.plist.xml; path = Info.plist; sourceTree = "<group>"; };
/* End PBXFileReference section */

/* Begin PBXFrameworksBuildPhase section */
		6FC512BB2BA8802400F82319 /* Frameworks */ = {
			isa = PBXFrameworksBuildPhase;
			buildActionMask = 2147483647;
			files = (
			);
			runOnlyForDeploymentPostprocessing = 0;
		};
/* End PBXFrameworksBuildPhase section */

/* Begin PBXGroup section */
		6FC512B52BA8802400F82319 = {
			isa = PBXGroup;
			children = (
				6FC512C02BA8802400F82319 /* multithreading */,
				6FC512BF2BA8802400F82319 /* Products */,
			);
			sourceTree = "<group>";
		};
		6FC512BF2BA8802400F82319 /* Products */ = {
			isa = PBXGroup;
			children = (
				6FC512BE2BA8802400F82319 /* multithreading.app */,
			);
			name = Products;
			sourceTree = "<group>";
		};
		6FC512C02BA8802400F82319 /* multithreading */ = {
			isa = PBXGroup;
			children = (
				6FC512C12BA8802400F82319 /* AppDelegate.swift */,
				6F4FB8C42BAACF21007F8868 /* TaskTwoFiveViewController.swift */,
				6F4FB8C02BAACF21007F8868 /* TaskTwoFourViewController.swift */,
				6F4FB8C12BAACF21007F8868 /* TaskTwoOneViewController.swift */,
				6F4FB8C32BAACF21007F8868 /* TaskTwoSixViewController.swift */,
				6F4FB8CB2BAC0930007F8868 /* TaskThreeOneViewController.swift */,
				6F4FB8BF2BAACF21007F8868 /* TaskTwoThreeViewController.swift */,
				6F4FB8C22BAACF21007F8868 /* TaskTwoTwoViewController.swift */,
				6FC512C32BA8802400F82319 /* SceneDelegate.swift */,
				6FC512C52BA8802400F82319 /* ViewController.swift */,
				6FC512C72BA8802400F82319 /* Main.storyboard */,
				6FC512CD2BA8802600F82319 /* Assets.xcassets */,
				6FC512CF2BA8802600F82319 /* LaunchScreen.storyboard */,
				6FC512D22BA8802600F82319 /* Info.plist */,
				6FC512CA2BA8802400F82319 /* multithreading.xcdatamodeld */,
			);
			path = multithreading;
			sourceTree = "<group>";
		};
/* End PBXGroup section */

/* Begin PBXNativeTarget section */
		6FC512BD2BA8802400F82319 /* multithreading */ = {
			isa = PBXNativeTarget;
			buildConfigurationList = 6FC512D52BA8802600F82319 /* Build configuration list for PBXNativeTarget "multithreading" */;
			buildPhases = (
				6FC512BA2BA8802400F82319 /* Sources */,
				6FC512BB2BA8802400F82319 /* Frameworks */,
				6FC512BC2BA8802400F82319 /* Resources */,
			);
			buildRules = (
			);
			dependencies = (
			);
			name = multithreading;
			productName = multithreading;
			productReference = 6FC512BE2BA8802400F82319 /* multithreading.app */;
			productType = "com.apple.product-type.application";
		};
/* End PBXNativeTarget section */

/* Begin PBXProject section */
		6FC512B62BA8802400F82319 /* Project object */ = {
			isa = PBXProject;
			attributes = {
				BuildIndependentTargetsInParallel = 1;
				LastSwiftUpdateCheck = 1530;
				LastUpgradeCheck = 1530;
				TargetAttributes = {
					6FC512BD2BA8802400F82319 = {
						CreatedOnToolsVersion = 15.3;
					};
				};
			};
			buildConfigurationList = 6FC512B92BA8802400F82319 /* Build configuration list for PBXProject "multithreading" */;
			compatibilityVersion = "Xcode 14.0";
			developmentRegion = en;
			hasScannedForEncodings = 0;
			knownRegions = (
				en,
				Base,
			);
			mainGroup = 6FC512B52BA8802400F82319;
			productRefGroup = 6FC512BF2BA8802400F82319 /* Products */;
			projectDirPath = "";
			projectRoot = "";
			targets = (
				6FC512BD2BA8802400F82319 /* multithreading */,
			);
		};
/* End PBXProject section */

/* Begin PBXResourcesBuildPhase section */
		6FC512BC2BA8802400F82319 /* Resources */ = {
			isa = PBXResourcesBuildPhase;
			buildActionMask = 2147483647;
			files = (
				6FC512CE2BA8802600F82319 /* Assets.xcassets in Resources */,
				6FC512D12BA8802600F82319 /* Base in Resources */,
				6FC512C92BA8802400F82319 /* Base in Resources */,
			);
			runOnlyForDeploymentPostprocessing = 0;
		};
/* End PBXResourcesBuildPhase section */

/* Begin PBXSourcesBuildPhase section */
		6FC512BA2BA8802400F82319 /* Sources */ = {
			isa = PBXSourcesBuildPhase;
			buildActionMask = 2147483647;
			files = (
				6F4FB8C62BAACF21007F8868 /* TaskTwoFourViewController.swift in Sources */,
				6FC512CC2BA8802400F82319 /* multithreading.xcdatamodeld in Sources */,
				6F4FB8C52BAACF21007F8868 /* TaskTwoThreeViewController.swift in Sources */,
				6FC512C62BA8802400F82319 /* ViewController.swift in Sources */,
				6F4FB8C92BAACF21007F8868 /* TaskTwoSixViewController.swift in Sources */,
				6FC512C22BA8802400F82319 /* AppDelegate.swift in Sources */,
				6FC512C42BA8802400F82319 /* SceneDelegate.swift in Sources */,
				6F4FB8C72BAACF21007F8868 /* TaskTwoOneViewController.swift in Sources */,
				6F4FB8CC2BAC0930007F8868 /* TaskThreeOneViewController.swift in Sources */,
				6F4FB8CA2BAACF21007F8868 /* TaskTwoFiveViewController.swift in Sources */,
				6F4FB8C82BAACF21007F8868 /* TaskTwoTwoViewController.swift in Sources */,
			);
			runOnlyForDeploymentPostprocessing = 0;
		};
/* End PBXSourcesBuildPhase section */

/* Begin PBXVariantGroup section */
		6FC512C72BA8802400F82319 /* Main.storyboard */ = {
			isa = PBXVariantGroup;
			children = (
				6FC512C82BA8802400F82319 /* Base */,
			);
			name = Main.storyboard;
			sourceTree = "<group>";
		};
		6FC512CF2BA8802600F82319 /* LaunchScreen.storyboard */ = {
			isa = PBXVariantGroup;
			children = (
				6FC512D02BA8802600F82319 /* Base */,
			);
			name = LaunchScreen.storyboard;
			sourceTree = "<group>";
		};
/* End PBXVariantGroup section */

/* Begin XCBuildConfiguration section */
		6FC512D32BA8802600F82319 /* Debug */ = {
			isa = XCBuildConfiguration;
			buildSettings = {
				ALWAYS_SEARCH_USER_PATHS = NO;
				ASSETCATALOG_COMPILER_GENERATE_SWIFT_ASSET_SYMBOL_EXTENSIONS = YES;
				CLANG_ANALYZER_NONNULL = YES;
				CLANG_ANALYZER_NUMBER_OBJECT_CONVERSION = YES_AGGRESSIVE;
				CLANG_CXX_LANGUAGE_STANDARD = "gnu++20";
				CLANG_ENABLE_MODULES = YES;
				CLANG_ENABLE_OBJC_ARC = YES;
				CLANG_ENABLE_OBJC_WEAK = YES;
				CLANG_WARN_BLOCK_CAPTURE_AUTORELEASING = YES;
				CLANG_WARN_BOOL_CONVERSION = YES;
				CLANG_WARN_COMMA = YES;
				CLANG_WARN_CONSTANT_CONVERSION = YES;
				CLANG_WARN_DEPRECATED_OBJC_IMPLEMENTATIONS = YES;
				CLANG_WARN_DIRECT_OBJC_ISA_USAGE = YES_ERROR;
				CLANG_WARN_DOCUMENTATION_COMMENTS = YES;
				CLANG_WARN_EMPTY_BODY = YES;
				CLANG_WARN_ENUM_CONVERSION = YES;
				CLANG_WARN_INFINITE_RECURSION = YES;
				CLANG_WARN_INT_CONVERSION = YES;
				CLANG_WARN_NON_LITERAL_NULL_CONVERSION = YES;
				CLANG_WARN_OBJC_IMPLICIT_RETAIN_SELF = YES;
				CLANG_WARN_OBJC_LITERAL_CONVERSION = YES;
				CLANG_WARN_OBJC_ROOT_CLASS = YES_ERROR;
				CLANG_WARN_QUOTED_INCLUDE_IN_FRAMEWORK_HEADER = YES;
				CLANG_WARN_RANGE_LOOP_ANALYSIS = YES;
				CLANG_WARN_STRICT_PROTOTYPES = YES;
				CLANG_WARN_SUSPICIOUS_MOVE = YES;
				CLANG_WARN_UNGUARDED_AVAILABILITY = YES_AGGRESSIVE;
				CLANG_WARN_UNREACHABLE_CODE = YES;
				CLANG_WARN__DUPLICATE_METHOD_MATCH = YES;
				COPY_PHASE_STRIP = NO;
				DEBUG_INFORMATION_FORMAT = dwarf;
				ENABLE_STRICT_OBJC_MSGSEND = YES;
				ENABLE_TESTABILITY = YES;
				ENABLE_USER_SCRIPT_SANDBOXING = YES;
				GCC_C_LANGUAGE_STANDARD = gnu17;
				GCC_DYNAMIC_NO_PIC = NO;
				GCC_NO_COMMON_BLOCKS = YES;
				GCC_OPTIMIZATION_LEVEL = 0;
				GCC_PREPROCESSOR_DEFINITIONS = (
					"DEBUG=1",
					"$(inherited)",
				);
				GCC_WARN_64_TO_32_BIT_CONVERSION = YES;
				GCC_WARN_ABOUT_RETURN_TYPE = YES_ERROR;
				GCC_WARN_UNDECLARED_SELECTOR = YES;
				GCC_WARN_UNINITIALIZED_AUTOS = YES_AGGRESSIVE;
				GCC_WARN_UNUSED_FUNCTION = YES;
				GCC_WARN_UNUSED_VARIABLE = YES;
				IPHONEOS_DEPLOYMENT_TARGET = 17.4;
				LOCALIZATION_PREFERS_STRING_CATALOGS = YES;
				MTL_ENABLE_DEBUG_INFO = INCLUDE_SOURCE;
				MTL_FAST_MATH = YES;
				ONLY_ACTIVE_ARCH = YES;
				SDKROOT = iphoneos;
				SWIFT_ACTIVE_COMPILATION_CONDITIONS = "DEBUG $(inherited)";
				SWIFT_OPTIMIZATION_LEVEL = "-Onone";
			};
			name = Debug;
		};
		6FC512D42BA8802600F82319 /* Release */ = {
			isa = XCBuildConfiguration;
			buildSettings = {
				ALWAYS_SEARCH_USER_PATHS = NO;
				ASSETCATALOG_COMPILER_GENERATE_SWIFT_ASSET_SYMBOL_EXTENSIONS = YES;
				CLANG_ANALYZER_NONNULL = YES;
				CLANG_ANALYZER_NUMBER_OBJECT_CONVERSION = YES_AGGRESSIVE;
				CLANG_CXX_LANGUAGE_STANDARD = "gnu++20";
				CLANG_ENABLE_MODULES = YES;
				CLANG_ENABLE_OBJC_ARC = YES;
				CLANG_ENABLE_OBJC_WEAK = YES;
				CLANG_WARN_BLOCK_CAPTURE_AUTORELEASING = YES;
				CLANG_WARN_BOOL_CONVERSION = YES;
				CLANG_WARN_COMMA = YES;
				CLANG_WARN_CONSTANT_CONVERSION = YES;
				CLANG_WARN_DEPRECATED_OBJC_IMPLEMENTATIONS = YES;
				CLANG_WARN_DIRECT_OBJC_ISA_USAGE = YES_ERROR;
				CLANG_WARN_DOCUMENTATION_COMMENTS = YES;
				CLANG_WARN_EMPTY_BODY = YES;
				CLANG_WARN_ENUM_CONVERSION = YES;
				CLANG_WARN_INFINITE_RECURSION = YES;
				CLANG_WARN_INT_CONVERSION = YES;
				CLANG_WARN_NON_LITERAL_NULL_CONVERSION = YES;
				CLANG_WARN_OBJC_IMPLICIT_RETAIN_SELF = YES;
				CLANG_WARN_OBJC_LITERAL_CONVERSION = YES;
				CLANG_WARN_OBJC_ROOT_CLASS = YES_ERROR;
				CLANG_WARN_QUOTED_INCLUDE_IN_FRAMEWORK_HEADER = YES;
				CLANG_WARN_RANGE_LOOP_ANALYSIS = YES;
				CLANG_WARN_STRICT_PROTOTYPES = YES;
				CLANG_WARN_SUSPICIOUS_MOVE = YES;
				CLANG_WARN_UNGUARDED_AVAILABILITY = YES_AGGRESSIVE;
				CLANG_WARN_UNREACHABLE_CODE = YES;
				CLANG_WARN__DUPLICATE_METHOD_MATCH = YES;
				COPY_PHASE_STRIP = NO;
				DEBUG_INFORMATION_FORMAT = "dwarf-with-dsym";
				ENABLE_NS_ASSERTIONS = NO;
				ENABLE_STRICT_OBJC_MSGSEND = YES;
				ENABLE_USER_SCRIPT_SANDBOXING = YES;
				GCC_C_LANGUAGE_STANDARD = gnu17;
				GCC_NO_COMMON_BLOCKS = YES;
				GCC_WARN_64_TO_32_BIT_CONVERSION = YES;
				GCC_WARN_ABOUT_RETURN_TYPE = YES_ERROR;
				GCC_WARN_UNDECLARED_SELECTOR = YES;
				GCC_WARN_UNINITIALIZED_AUTOS = YES_AGGRESSIVE;
				GCC_WARN_UNUSED_FUNCTION = YES;
				GCC_WARN_UNUSED_VARIABLE = YES;
				IPHONEOS_DEPLOYMENT_TARGET = 17.4;
				LOCALIZATION_PREFERS_STRING_CATALOGS = YES;
				MTL_ENABLE_DEBUG_INFO = NO;
				MTL_FAST_MATH = YES;
				SDKROOT = iphoneos;
				SWIFT_COMPILATION_MODE = wholemodule;
				VALIDATE_PRODUCT = YES;
			};
			name = Release;
		};
		6FC512D62BA8802600F82319 /* Debug */ = {
			isa = XCBuildConfiguration;
			buildSettings = {
				ASSETCATALOG_COMPILER_APPICON_NAME = AppIcon;
				ASSETCATALOG_COMPILER_GLOBAL_ACCENT_COLOR_NAME = AccentColor;
				CODE_SIGN_STYLE = Automatic;
				CURRENT_PROJECT_VERSION = 1;
				GENERATE_INFOPLIST_FILE = YES;
				INFOPLIST_FILE = multithreading/Info.plist;
				INFOPLIST_KEY_UIApplicationSupportsIndirectInputEvents = YES;
				INFOPLIST_KEY_UILaunchStoryboardName = LaunchScreen;
				INFOPLIST_KEY_UIMainStoryboardFile = Main;
				INFOPLIST_KEY_UISupportedInterfaceOrientations_iPad = "UIInterfaceOrientationPortrait UIInterfaceOrientationPortraitUpsideDown UIInterfaceOrientationLandscapeLeft UIInterfaceOrientationLandscapeRight";
				INFOPLIST_KEY_UISupportedInterfaceOrientations_iPhone = "UIInterfaceOrientationPortrait UIInterfaceOrientationLandscapeLeft UIInterfaceOrientationLandscapeRight";
				LD_RUNPATH_SEARCH_PATHS = (
					"$(inherited)",
					"@executable_path/Frameworks",
				);
				MARKETING_VERSION = 1.0;
				PRODUCT_BUNDLE_IDENTIFIER = com.omak.multithreading;
				PRODUCT_NAME = "$(TARGET_NAME)";
				SWIFT_EMIT_LOC_STRINGS = YES;
				SWIFT_VERSION = 5.0;
				TARGETED_DEVICE_FAMILY = "1,2";
			};
			name = Debug;
		};
		6FC512D72BA8802600F82319 /* Release */ = {
			isa = XCBuildConfiguration;
			buildSettings = {
				ASSETCATALOG_COMPILER_APPICON_NAME = AppIcon;
				ASSETCATALOG_COMPILER_GLOBAL_ACCENT_COLOR_NAME = AccentColor;
				CODE_SIGN_STYLE = Automatic;
				CURRENT_PROJECT_VERSION = 1;
				GENERATE_INFOPLIST_FILE = YES;
				INFOPLIST_FILE = multithreading/Info.plist;
				INFOPLIST_KEY_UIApplicationSupportsIndirectInputEvents = YES;
				INFOPLIST_KEY_UILaunchStoryboardName = LaunchScreen;
				INFOPLIST_KEY_UIMainStoryboardFile = Main;
				INFOPLIST_KEY_UISupportedInterfaceOrientations_iPad = "UIInterfaceOrientationPortrait UIInterfaceOrientationPortraitUpsideDown UIInterfaceOrientationLandscapeLeft UIInterfaceOrientationLandscapeRight";
				INFOPLIST_KEY_UISupportedInterfaceOrientations_iPhone = "UIInterfaceOrientationPortrait UIInterfaceOrientationLandscapeLeft UIInterfaceOrientationLandscapeRight";
				LD_RUNPATH_SEARCH_PATHS = (
					"$(inherited)",
					"@executable_path/Frameworks",
				);
				MARKETING_VERSION = 1.0;
				PRODUCT_BUNDLE_IDENTIFIER = com.omak.multithreading;
				PRODUCT_NAME = "$(TARGET_NAME)";
				SWIFT_EMIT_LOC_STRINGS = YES;
				SWIFT_VERSION = 5.0;
				TARGETED_DEVICE_FAMILY = "1,2";
			};
			name = Release;
		};
/* End XCBuildConfiguration section */

/* Begin XCConfigurationList section */
		6FC512B92BA8802400F82319 /* Build configuration list for PBXProject "multithreading" */ = {
			isa = XCConfigurationList;
			buildConfigurations = (
				6FC512D32BA8802600F82319 /* Debug */,
				6FC512D42BA8802600F82319 /* Release */,
			);
			defaultConfigurationIsVisible = 0;
			defaultConfigurationName = Release;
		};
		6FC512D52BA8802600F82319 /* Build configuration list for PBXNativeTarget "multithreading" */ = {
			isa = XCConfigurationList;
			buildConfigurations = (
				6FC512D62BA8802600F82319 /* Debug */,
				6FC512D72BA8802600F82319 /* Release */,
			);
			defaultConfigurationIsVisible = 0;
			defaultConfigurationName = Release;
		};
/* End XCConfigurationList section */

/* Begin XCVersionGroup section */
		6FC512CA2BA8802400F82319 /* multithreading.xcdatamodeld */ = {
			isa = XCVersionGroup;
			children = (
				6FC512CB2BA8802400F82319 /* multithreading.xcdatamodel */,
			);
			currentVersion = 6FC512CB2BA8802400F82319 /* multithreading.xcdatamodel */;
			path = multithreading.xcdatamodeld;
			sourceTree = "<group>";
			versionGroupType = wrapper.xcdatamodel;
		};
/* End XCVersionGroup section */
	};
	rootObject = 6FC512B62BA8802400F82319 /* Project object */;
}
